
Microsoft Visual Studio Solution File, Format Version 12.00
# Visual Studio 15
VisualStudioVersion = 15.0.28307.779
MinimumVisualStudioVersion = 10.0.40219.1
Project("{FAE04EC0-301F-11D3-BF4B-00C04F79EFBC}") = "MixErp302", "MixErp302\MixErp302.csproj", "{F407173B-D0CA-438F-AED7-AC5F12DB603D}"
EndProject
Global
	GlobalSection(SolutionConfigurationPlatforms) = preSolution
		Debug|Any CPU = Debug|Any CPU
		Release|Any CPU = Release|Any CPU
	EndGlobalSection
	GlobalSection(ProjectConfigurationPlatforms) = postSolution
		{F407173B-D0CA-438F-AED7-AC5F12DB603D}.Debug|Any CPU.ActiveCfg = Debug|Any CPU
		{F407173B-D0CA-438F-AED7-AC5F12DB603D}.Debug|Any CPU.Build.0 = Debug|Any CPU
		{F407173B-D0CA-438F-AED7-AC5F12DB603D}.Release|Any CPU.ActiveCfg = Release|Any CPU
		{F407173B-D0CA-438F-AED7-AC5F12DB603D}.Release|Any CPU.Build.0 = Release|Any CPU
	EndGlobalSection
	GlobalSection(SolutionProperties) = preSolution
		HideSolutionNode = FALSE
	EndGlobalSection
	GlobalSection(ExtensibilityGlobals) = postSolution
		SolutionGuid = {0E8F53FD-28E4-4053-9AD1-AD53FAAC06BF}
	EndGlobalSection
EndGlobal
