
Microsoft Visual Studio Solution File, Format Version 12.00
# Visual Studio 15
VisualStudioVersion = 15.0.28307.705
MinimumVisualStudioVersion = 10.0.40219.1
Project("{FAE04EC0-301F-11D3-BF4B-00C04F79EFBC}") = "MyEverNote.WebApp", "MyEverNote.WebApp\MyEverNote.WebApp.csproj", "{4FD586C0-8019-4A2E-96E9-21EB2531EF5E}"
EndProject
Project("{FAE04EC0-301F-11D3-BF4B-00C04F79EFBC}") = "MyeverNote.BusinessLayer", "MyeverNote.BusinessLayer\MyeverNote.BusinessLayer.csproj", "{A899DB58-A683-4540-A1EE-5EC7ED901476}"
EndProject
Project("{FAE04EC0-301F-11D3-BF4B-00C04F79EFBC}") = "MyEverNote.DataAccessLayer", "MyEverNote.DataAccessLayer\MyEverNote.DataAccessLayer.csproj", "{77382E59-AAE7-4D21-AA9F-C1D0E51FD4D6}"
EndProject
Project("{FAE04EC0-301F-11D3-BF4B-00C04F79EFBC}") = "MyEverNote.Entities", "MyEverNote.Entities\MyEverNote.Entities.csproj", "{29ADD074-B744-4F6D-B495-7DDF874F6B28}"
EndProject
Project("{FAE04EC0-301F-11D3-BF4B-00C04F79EFBC}") = "MyeverNote.Common", "MyeverNote.Common1\MyeverNote.Common.csproj", "{83B8FA87-D1BB-407C-9808-13F428EB8243}"
EndProject
Global
	GlobalSection(SolutionConfigurationPlatforms) = preSolution
		Debug|Any CPU = Debug|Any CPU
		Release|Any CPU = Release|Any CPU
	EndGlobalSection
	GlobalSection(ProjectConfigurationPlatforms) = postSolution
		{4FD586C0-8019-4A2E-96E9-21EB2531EF5E}.Debug|Any CPU.ActiveCfg = Debug|Any CPU
		{4FD586C0-8019-4A2E-96E9-21EB2531EF5E}.Debug|Any CPU.Build.0 = Debug|Any CPU
		{4FD586C0-8019-4A2E-96E9-21EB2531EF5E}.Release|Any CPU.ActiveCfg = Release|Any CPU
		{4FD586C0-8019-4A2E-96E9-21EB2531EF5E}.Release|Any CPU.Build.0 = Release|Any CPU
		{A899DB58-A683-4540-A1EE-5EC7ED901476}.Debug|Any CPU.ActiveCfg = Debug|Any CPU
		{A899DB58-A683-4540-A1EE-5EC7ED901476}.Debug|Any CPU.Build.0 = Debug|Any CPU
		{A899DB58-A683-4540-A1EE-5EC7ED901476}.Release|Any CPU.ActiveCfg = Release|Any CPU
		{A899DB58-A683-4540-A1EE-5EC7ED901476}.Release|Any CPU.Build.0 = Release|Any CPU
		{77382E59-AAE7-4D21-AA9F-C1D0E51FD4D6}.Debug|Any CPU.ActiveCfg = Debug|Any CPU
		{77382E59-AAE7-4D21-AA9F-C1D0E51FD4D6}.Debug|Any CPU.Build.0 = Debug|Any CPU
		{77382E59-AAE7-4D21-AA9F-C1D0E51FD4D6}.Release|Any CPU.ActiveCfg = Release|Any CPU
		{77382E59-AAE7-4D21-AA9F-C1D0E51FD4D6}.Release|Any CPU.Build.0 = Release|Any CPU
		{29ADD074-B744-4F6D-B495-7DDF874F6B28}.Debug|Any CPU.ActiveCfg = Debug|Any CPU
		{29ADD074-B744-4F6D-B495-7DDF874F6B28}.Debug|Any CPU.Build.0 = Debug|Any CPU
		{29ADD074-B744-4F6D-B495-7DDF874F6B28}.Release|Any CPU.ActiveCfg = Release|Any CPU
		{29ADD074-B744-4F6D-B495-7DDF874F6B28}.Release|Any CPU.Build.0 = Release|Any CPU
		{83B8FA87-D1BB-407C-9808-13F428EB8243}.Debug|Any CPU.ActiveCfg = Debug|Any CPU
		{83B8FA87-D1BB-407C-9808-13F428EB8243}.Debug|Any CPU.Build.0 = Debug|Any CPU
		{83B8FA87-D1BB-407C-9808-13F428EB8243}.Release|Any CPU.ActiveCfg = Release|Any CPU
		{83B8FA87-D1BB-407C-9808-13F428EB8243}.Release|Any CPU.Build.0 = Release|Any CPU
	EndGlobalSection
	GlobalSection(SolutionProperties) = preSolution
		HideSolutionNode = FALSE
	EndGlobalSection
	GlobalSection(ExtensibilityGlobals) = postSolution
		SolutionGuid = {24F4A134-302C-4A52-A47A-554C6BBDC315}
	EndGlobalSection
EndGlobal
